// !$*UTF8*$!
{
	archiveVersion = 1;
	classes = {
	};
	objectVersion = 55;
	objects = {

/* Begin PBXBuildFile section */
		C323C9FC2850E354006923A9 /* SwiftUI_ChallengeApp.swift in Sources */ = {isa = PBXBuildFile; fileRef = C323C9FB2850E354006923A9 /* SwiftUI_ChallengeApp.swift */; };
		C323C9FE2850E354006923A9 /* ContentView.swift in Sources */ = {isa = PBXBuildFile; fileRef = C323C9FD2850E354006923A9 /* ContentView.swift */; };
		C323CA002850E356006923A9 /* Assets.xcassets in Resources */ = {isa = PBXBuildFile; fileRef = C323C9FF2850E356006923A9 /* Assets.xcassets */; };
		C323CA032850E356006923A9 /* Preview Assets.xcassets in Resources */ = {isa = PBXBuildFile; fileRef = C323CA022850E356006923A9 /* Preview Assets.xcassets */; };
		C323CA0D2850E356006923A9 /* SwiftUI_ChallengeTests.swift in Sources */ = {isa = PBXBuildFile; fileRef = C323CA0C2850E356006923A9 /* SwiftUI_ChallengeTests.swift */; };
		C323CA172850E356006923A9 /* SwiftUI_ChallengeUITests.swift in Sources */ = {isa = PBXBuildFile; fileRef = C323CA162850E356006923A9 /* SwiftUI_ChallengeUITests.swift */; };
		C323CA192850E356006923A9 /* SwiftUI_ChallengeUITestsLaunchTests.swift in Sources */ = {isa = PBXBuildFile; fileRef = C323CA182850E356006923A9 /* SwiftUI_ChallengeUITestsLaunchTests.swift */; };
/* End PBXBuildFile section */

/* Begin PBXContainerItemProxy section */
		C323CA092850E356006923A9 /* PBXContainerItemProxy */ = {
			isa = PBXContainerItemProxy;
			containerPortal = C323C9F02850E354006923A9 /* Project object */;
			proxyType = 1;
			remoteGlobalIDString = C323C9F72850E354006923A9;
			remoteInfo = "SwiftUI-Challenge";
		};
		C323CA132850E356006923A9 /* PBXContainerItemProxy */ = {
			isa = PBXContainerItemProxy;
			containerPortal = C323C9F02850E354006923A9 /* Project object */;
			proxyType = 1;
			remoteGlobalIDString = C323C9F72850E354006923A9;
			remoteInfo = "SwiftUI-Challenge";
		};
/* End PBXContainerItemProxy section */

/* Begin PBXFileReference section */
		C323C9F82850E354006923A9 /* SwiftUI-Challenge.app */ = {isa = PBXFileReference; explicitFileType = wrapper.application; includeInIndex = 0; path = "SwiftUI-Challenge.app"; sourceTree = BUILT_PRODUCTS_DIR; };
		C323C9FB2850E354006923A9 /* SwiftUI_ChallengeApp.swift */ = {isa = PBXFileReference; lastKnownFileType = sourcecode.swift; path = SwiftUI_ChallengeApp.swift; sourceTree = "<group>"; };
		C323C9FD2850E354006923A9 /* ContentView.swift */ = {isa = PBXFileReference; lastKnownFileType = sourcecode.swift; path = ContentView.swift; sourceTree = "<group>"; };
		C323C9FF2850E356006923A9 /* Assets.xcassets */ = {isa = PBXFileReference; lastKnownFileType = folder.assetcatalog; path = Assets.xcassets; sourceTree = "<group>"; };
		C323CA022850E356006923A9 /* Preview Assets.xcassets */ = {isa = PBXFileReference; lastKnownFileType = folder.assetcatalog; path = "Preview Assets.xcassets"; sourceTree = "<group>"; };
		C323CA082850E356006923A9 /* SwiftUI-ChallengeTests.xctest */ = {isa = PBXFileReference; explicitFileType = wrapper.cfbundle; includeInIndex = 0; path = "SwiftUI-ChallengeTests.xctest"; sourceTree = BUILT_PRODUCTS_DIR; };
		C323CA0C2850E356006923A9 /* SwiftUI_ChallengeTests.swift */ = {isa = PBXFileReference; lastKnownFileType = sourcecode.swift; path = SwiftUI_ChallengeTests.swift; sourceTree = "<group>"; };
		C323CA122850E356006923A9 /* SwiftUI-ChallengeUITests.xctest */ = {isa = PBXFileReference; explicitFileType = wrapper.cfbundle; includeInIndex = 0; path = "SwiftUI-ChallengeUITests.xctest"; sourceTree = BUILT_PRODUCTS_DIR; };
		C323CA162850E356006923A9 /* SwiftUI_ChallengeUITests.swift */ = {isa = PBXFileReference; lastKnownFileType = sourcecode.swift; path = SwiftUI_ChallengeUITests.swift; sourceTree = "<group>"; };
		C323CA182850E356006923A9 /* SwiftUI_ChallengeUITestsLaunchTests.swift */ = {isa = PBXFileReference; lastKnownFileType = sourcecode.swift; path = SwiftUI_ChallengeUITestsLaunchTests.swift; sourceTree = "<group>"; };
/* End PBXFileReference section */

/* Begin PBXFrameworksBuildPhase section */
		C323C9F52850E354006923A9 /* Frameworks */ = {
			isa = PBXFrameworksBuildPhase;
			buildActionMask = 2147483647;
			files = (
			);
			runOnlyForDeploymentPostprocessing = 0;
		};
		C323CA052850E356006923A9 /* Frameworks */ = {
			isa = PBXFrameworksBuildPhase;
			buildActionMask = 2147483647;
			files = (
			);
			runOnlyForDeploymentPostprocessing = 0;
		};
		C323CA0F2850E356006923A9 /* Frameworks */ = {
			isa = PBXFrameworksBuildPhase;
			buildActionMask = 2147483647;
			files = (
			);
			runOnlyForDeploymentPostprocessing = 0;
		};
/* End PBXFrameworksBuildPhase section */

/* Begin PBXGroup section */
		C323C9EF2850E354006923A9 = {
			isa = PBXGroup;
			children = (
				C323C9FA2850E354006923A9 /* SwiftUI-Challenge */,
				C323CA0B2850E356006923A9 /* SwiftUI-ChallengeTests */,
				C323CA152850E356006923A9 /* SwiftUI-ChallengeUITests */,
				C323C9F92850E354006923A9 /* Products */,
			);
			sourceTree = "<group>";
		};
		C323C9F92850E354006923A9 /* Products */ = {
			isa = PBXGroup;
			children = (
				C323C9F82850E354006923A9 /* SwiftUI-Challenge.app */,
				C323CA082850E356006923A9 /* SwiftUI-ChallengeTests.xctest */,
				C323CA122850E356006923A9 /* SwiftUI-ChallengeUITests.xctest */,
			);
			name = Products;
			sourceTree = "<group>";
		};
		C323C9FA2850E354006923A9 /* SwiftUI-Challenge */ = {
			isa = PBXGroup;
			children = (
				C323C9FB2850E354006923A9 /* SwiftUI_ChallengeApp.swift */,
				C323C9FD2850E354006923A9 /* ContentView.swift */,
				C323C9FF2850E356006923A9 /* Assets.xcassets */,
				C323CA012850E356006923A9 /* Preview Content */,
			);
			path = "SwiftUI-Challenge";
			sourceTree = "<group>";
		};
		C323CA012850E356006923A9 /* Preview Content */ = {
			isa = PBXGroup;
			children = (
				C323CA022850E356006923A9 /* Preview Assets.xcassets */,
			);
			path = "Preview Content";
			sourceTree = "<group>";
		};
		C323CA0B2850E356006923A9 /* SwiftUI-ChallengeTests */ = {
			isa = PBXGroup;
			children = (
				C323CA0C2850E356006923A9 /* SwiftUI_ChallengeTests.swift */,
			);
			path = "SwiftUI-ChallengeTests";
			sourceTree = "<group>";
		};
		C323CA152850E356006923A9 /* SwiftUI-ChallengeUITests */ = {
			isa = PBXGroup;
			children = (
				C323CA162850E356006923A9 /* SwiftUI_ChallengeUITests.swift */,
				C323CA182850E356006923A9 /* SwiftUI_ChallengeUITestsLaunchTests.swift */,
			);
			path = "SwiftUI-ChallengeUITests";
			sourceTree = "<group>";
		};
/* End PBXGroup section */

/* Begin PBXNativeTarget section */
		C323C9F72850E354006923A9 /* SwiftUI-Challenge */ = {
			isa = PBXNativeTarget;
			buildConfigurationList = C323CA1C2850E356006923A9 /* Build configuration list for PBXNativeTarget "SwiftUI-Challenge" */;
			buildPhases = (
				C323C9F42850E354006923A9 /* Sources */,
				C323C9F52850E354006923A9 /* Frameworks */,
				C323C9F62850E354006923A9 /* Resources */,
			);
			buildRules = (
			);
			dependencies = (
			);
			name = "SwiftUI-Challenge";
			productName = "SwiftUI-Challenge";
			productReference = C323C9F82850E354006923A9 /* SwiftUI-Challenge.app */;
			productType = "com.apple.product-type.application";
		};
		C323CA072850E356006923A9 /* SwiftUI-ChallengeTests */ = {
			isa = PBXNativeTarget;
			buildConfigurationList = C323CA1F2850E356006923A9 /* Build configuration list for PBXNativeTarget "SwiftUI-ChallengeTests" */;
			buildPhases = (
				C323CA042850E356006923A9 /* Sources */,
				C323CA052850E356006923A9 /* Frameworks */,
				C323CA062850E356006923A9 /* Resources */,
			);
			buildRules = (
			);
			dependencies = (
				C323CA0A2850E356006923A9 /* PBXTargetDependency */,
			);
			name = "SwiftUI-ChallengeTests";
			productName = "SwiftUI-ChallengeTests";
			productReference = C323CA082850E356006923A9 /* SwiftUI-ChallengeTests.xctest */;
			productType = "com.apple.product-type.bundle.unit-test";
		};
		C323CA112850E356006923A9 /* SwiftUI-ChallengeUITests */ = {
			isa = PBXNativeTarget;
			buildConfigurationList = C323CA222850E356006923A9 /* Build configuration list for PBXNativeTarget "SwiftUI-ChallengeUITests" */;
			buildPhases = (
				C323CA0E2850E356006923A9 /* Sources */,
				C323CA0F2850E356006923A9 /* Frameworks */,
				C323CA102850E356006923A9 /* Resources */,
			);
			buildRules = (
			);
			dependencies = (
				C323CA142850E356006923A9 /* PBXTargetDependency */,
			);
			name = "SwiftUI-ChallengeUITests";
			productName = "SwiftUI-ChallengeUITests";
			productReference = C323CA122850E356006923A9 /* SwiftUI-ChallengeUITests.xctest */;
			productType = "com.apple.product-type.bundle.ui-testing";
		};
/* End PBXNativeTarget section */

/* Begin PBXProject section */
		C323C9F02850E354006923A9 /* Project object */ = {
			isa = PBXProject;
			attributes = {
				BuildIndependentTargetsInParallel = 1;
				LastSwiftUpdateCheck = 1330;
				LastUpgradeCheck = 1330;
				TargetAttributes = {
					C323C9F72850E354006923A9 = {
						CreatedOnToolsVersion = 13.3.1;
					};
					C323CA072850E356006923A9 = {
						CreatedOnToolsVersion = 13.3.1;
						TestTargetID = C323C9F72850E354006923A9;
					};
					C323CA112850E356006923A9 = {
						CreatedOnToolsVersion = 13.3.1;
						TestTargetID = C323C9F72850E354006923A9;
					};
				};
			};
			buildConfigurationList = C323C9F32850E354006923A9 /* Build configuration list for PBXProject "SwiftUI-Challenge" */;
			compatibilityVersion = "Xcode 13.0";
			developmentRegion = en;
			hasScannedForEncodings = 0;
			knownRegions = (
				en,
				Base,
			);
			mainGroup = C323C9EF2850E354006923A9;
			productRefGroup = C323C9F92850E354006923A9 /* Products */;
			projectDirPath = "";
			projectRoot = "";
			targets = (
				C323C9F72850E354006923A9 /* SwiftUI-Challenge */,
				C323CA072850E356006923A9 /* SwiftUI-ChallengeTests */,
				C323CA112850E356006923A9 /* SwiftUI-ChallengeUITests */,
			);
		};
/* End PBXProject section */

/* Begin PBXResourcesBuildPhase section */
		C323C9F62850E354006923A9 /* Resources */ = {
			isa = PBXResourcesBuildPhase;
			buildActionMask = 2147483647;
			files = (
				C323CA032850E356006923A9 /* Preview Assets.xcassets in Resources */,
				C323CA002850E356006923A9 /* Assets.xcassets in Resources */,
			);
			runOnlyForDeploymentPostprocessing = 0;
		};
		C323CA062850E356006923A9 /* Resources */ = {
			isa = PBXResourcesBuildPhase;
			buildActionMask = 2147483647;
			files = (
			);
			runOnlyForDeploymentPostprocessing = 0;
		};
		C323CA102850E356006923A9 /* Resources */ = {
			isa = PBXResourcesBuildPhase;
			buildActionMask = 2147483647;
			files = (
			);
			runOnlyForDeploymentPostprocessing = 0;
		};
/* End PBXResourcesBuildPhase section */

/* Begin PBXSourcesBuildPhase section */
		C323C9F42850E354006923A9 /* Sources */ = {
			isa = PBXSourcesBuildPhase;
			buildActionMask = 2147483647;
			files = (
				C323C9FE2850E354006923A9 /* ContentView.swift in Sources */,
				C323C9FC2850E354006923A9 /* SwiftUI_ChallengeApp.swift in Sources */,
			);
			runOnlyForDeploymentPostprocessing = 0;
		};
		C323CA042850E356006923A9 /* Sources */ = {
			isa = PBXSourcesBuildPhase;
			buildActionMask = 2147483647;
			files = (
				C323CA0D2850E356006923A9 /* SwiftUI_ChallengeTests.swift in Sources */,
			);
			runOnlyForDeploymentPostprocessing = 0;
		};
		C323CA0E2850E356006923A9 /* Sources */ = {
			isa = PBXSourcesBuildPhase;
			buildActionMask = 2147483647;
			files = (
				C323CA192850E356006923A9 /* SwiftUI_ChallengeUITestsLaunchTests.swift in Sources */,
				C323CA172850E356006923A9 /* SwiftUI_ChallengeUITests.swift in Sources */,
			);
			runOnlyForDeploymentPostprocessing = 0;
		};
/* End PBXSourcesBuildPhase section */

/* Begin PBXTargetDependency section */
		C323CA0A2850E356006923A9 /* PBXTargetDependency */ = {
			isa = PBXTargetDependency;
			target = C323C9F72850E354006923A9 /* SwiftUI-Challenge */;
			targetProxy = C323CA092850E356006923A9 /* PBXContainerItemProxy */;
		};
		C323CA142850E356006923A9 /* PBXTargetDependency */ = {
			isa = PBXTargetDependency;
			target = C323C9F72850E354006923A9 /* SwiftUI-Challenge */;
			targetProxy = C323CA132850E356006923A9 /* PBXContainerItemProxy */;
		};
/* End PBXTargetDependency section */

/* Begin XCBuildConfiguration section */
		C323CA1A2850E356006923A9 /* Debug */ = {
			isa = XCBuildConfiguration;
			buildSettings = {
				ALWAYS_SEARCH_USER_PATHS = NO;
				CLANG_ANALYZER_NONNULL = YES;
				CLANG_ANALYZER_NUMBER_OBJECT_CONVERSION = YES_AGGRESSIVE;
				CLANG_CXX_LANGUAGE_STANDARD = "gnu++17";
				CLANG_ENABLE_MODULES = YES;
				CLANG_ENABLE_OBJC_ARC = YES;
				CLANG_ENABLE_OBJC_WEAK = YES;
				CLANG_WARN_BLOCK_CAPTURE_AUTORELEASING = YES;
				CLANG_WARN_BOOL_CONVERSION = YES;
				CLANG_WARN_COMMA = YES;
				CLANG_WARN_CONSTANT_CONVERSION = YES;
				CLANG_WARN_DEPRECATED_OBJC_IMPLEMENTATIONS = YES;
				CLANG_WARN_DIRECT_OBJC_ISA_USAGE = YES_ERROR;
				CLANG_WARN_DOCUMENTATION_COMMENTS = YES;
				CLANG_WARN_EMPTY_BODY = YES;
				CLANG_WARN_ENUM_CONVERSION = YES;
				CLANG_WARN_INFINITE_RECURSION = YES;
				CLANG_WARN_INT_CONVERSION = YES;
				CLANG_WARN_NON_LITERAL_NULL_CONVERSION = YES;
				CLANG_WARN_OBJC_IMPLICIT_RETAIN_SELF = YES;
				CLANG_WARN_OBJC_LITERAL_CONVERSION = YES;
				CLANG_WARN_OBJC_ROOT_CLASS = YES_ERROR;
				CLANG_WARN_QUOTED_INCLUDE_IN_FRAMEWORK_HEADER = YES;
				CLANG_WARN_RANGE_LOOP_ANALYSIS = YES;
				CLANG_WARN_STRICT_PROTOTYPES = YES;
				CLANG_WARN_SUSPICIOUS_MOVE = YES;
				CLANG_WARN_UNGUARDED_AVAILABILITY = YES_AGGRESSIVE;
				CLANG_WARN_UNREACHABLE_CODE = YES;
				CLANG_WARN__DUPLICATE_METHOD_MATCH = YES;
				COPY_PHASE_STRIP = NO;
				DEBUG_INFORMATION_FORMAT = dwarf;
				ENABLE_STRICT_OBJC_MSGSEND = YES;
				ENABLE_TESTABILITY = YES;
				GCC_C_LANGUAGE_STANDARD = gnu11;
				GCC_DYNAMIC_NO_PIC = NO;
				GCC_NO_COMMON_BLOCKS = YES;
				GCC_OPTIMIZATION_LEVEL = 0;
				GCC_PREPROCESSOR_DEFINITIONS = (
					"DEBUG=1",
					"$(inherited)",
				);
				GCC_WARN_64_TO_32_BIT_CONVERSION = YES;
				GCC_WARN_ABOUT_RETURN_TYPE = YES_ERROR;
				GCC_WARN_UNDECLARED_SELECTOR = YES;
				GCC_WARN_UNINITIALIZED_AUTOS = YES_AGGRESSIVE;
				GCC_WARN_UNUSED_FUNCTION = YES;
				GCC_WARN_UNUSED_VARIABLE = YES;
				IPHONEOS_DEPLOYMENT_TARGET = 15.4;
				MTL_ENABLE_DEBUG_INFO = INCLUDE_SOURCE;
				MTL_FAST_MATH = YES;
				ONLY_ACTIVE_ARCH = YES;
				SDKROOT = iphoneos;
				SWIFT_ACTIVE_COMPILATION_CONDITIONS = DEBUG;
				SWIFT_OPTIMIZATION_LEVEL = "-Onone";
			};
			name = Debug;
		};
		C323CA1B2850E356006923A9 /* Release */ = {
			isa = XCBuildConfiguration;
			buildSettings = {
				ALWAYS_SEARCH_USER_PATHS = NO;
				CLANG_ANALYZER_NONNULL = YES;
				CLANG_ANALYZER_NUMBER_OBJECT_CONVERSION = YES_AGGRESSIVE;
				CLANG_CXX_LANGUAGE_STANDARD = "gnu++17";
				CLANG_ENABLE_MODULES = YES;
				CLANG_ENABLE_OBJC_ARC = YES;
				CLANG_ENABLE_OBJC_WEAK = YES;
				CLANG_WARN_BLOCK_CAPTURE_AUTORELEASING = YES;
				CLANG_WARN_BOOL_CONVERSION = YES;
				CLANG_WARN_COMMA = YES;
				CLANG_WARN_CONSTANT_CONVERSION = YES;
				CLANG_WARN_DEPRECATED_OBJC_IMPLEMENTATIONS = YES;
				CLANG_WARN_DIRECT_OBJC_ISA_USAGE = YES_ERROR;
				CLANG_WARN_DOCUMENTATION_COMMENTS = YES;
				CLANG_WARN_EMPTY_BODY = YES;
				CLANG_WARN_ENUM_CONVERSION = YES;
				CLANG_WARN_INFINITE_RECURSION = YES;
				CLANG_WARN_INT_CONVERSION = YES;
				CLANG_WARN_NON_LITERAL_NULL_CONVERSION = YES;
				CLANG_WARN_OBJC_IMPLICIT_RETAIN_SELF = YES;
				CLANG_WARN_OBJC_LITERAL_CONVERSION = YES;
				CLANG_WARN_OBJC_ROOT_CLASS = YES_ERROR;
				CLANG_WARN_QUOTED_INCLUDE_IN_FRAMEWORK_HEADER = YES;
				CLANG_WARN_RANGE_LOOP_ANALYSIS = YES;
				CLANG_WARN_STRICT_PROTOTYPES = YES;
				CLANG_WARN_SUSPICIOUS_MOVE = YES;
				CLANG_WARN_UNGUARDED_AVAILABILITY = YES_AGGRESSIVE;
				CLANG_WARN_UNREACHABLE_CODE = YES;
				CLANG_WARN__DUPLICATE_METHOD_MATCH = YES;
				COPY_PHASE_STRIP = NO;
				DEBUG_INFORMATION_FORMAT = "dwarf-with-dsym";
				ENABLE_NS_ASSERTIONS = NO;
				ENABLE_STRICT_OBJC_MSGSEND = YES;
				GCC_C_LANGUAGE_STANDARD = gnu11;
				GCC_NO_COMMON_BLOCKS = YES;
				GCC_WARN_64_TO_32_BIT_CONVERSION = YES;
				GCC_WARN_ABOUT_RETURN_TYPE = YES_ERROR;
				GCC_WARN_UNDECLARED_SELECTOR = YES;
				GCC_WARN_UNINITIALIZED_AUTOS = YES_AGGRESSIVE;
				GCC_WARN_UNUSED_FUNCTION = YES;
				GCC_WARN_UNUSED_VARIABLE = YES;
				IPHONEOS_DEPLOYMENT_TARGET = 15.4;
				MTL_ENABLE_DEBUG_INFO = NO;
				MTL_FAST_MATH = YES;
				SDKROOT = iphoneos;
				SWIFT_COMPILATION_MODE = wholemodule;
				SWIFT_OPTIMIZATION_LEVEL = "-O";
				VALIDATE_PRODUCT = YES;
			};
			name = Release;
		};
		C323CA1D2850E356006923A9 /* Debug */ = {
			isa = XCBuildConfiguration;
			buildSettings = {
				ASSETCATALOG_COMPILER_APPICON_NAME = AppIcon;
				ASSETCATALOG_COMPILER_GLOBAL_ACCENT_COLOR_NAME = AccentColor;
				CODE_SIGN_STYLE = Automatic;
				CURRENT_PROJECT_VERSION = 1;
				DEVELOPMENT_ASSET_PATHS = "\"SwiftUI-Challenge/Preview Content\"";
				ENABLE_PREVIEWS = YES;
				GENERATE_INFOPLIST_FILE = YES;
				INFOPLIST_KEY_UIApplicationSceneManifest_Generation = YES;
				INFOPLIST_KEY_UIApplicationSupportsIndirectInputEvents = YES;
				INFOPLIST_KEY_UILaunchScreen_Generation = YES;
				INFOPLIST_KEY_UISupportedInterfaceOrientations_iPad = "UIInterfaceOrientationPortrait UIInterfaceOrientationPortraitUpsideDown UIInterfaceOrientationLandscapeLeft UIInterfaceOrientationLandscapeRight";
				INFOPLIST_KEY_UISupportedInterfaceOrientations_iPhone = "UIInterfaceOrientationPortrait UIInterfaceOrientationLandscapeLeft UIInterfaceOrientationLandscapeRight";
				LD_RUNPATH_SEARCH_PATHS = (
					"$(inherited)",
					"@executable_path/Frameworks",
				);
				MARKETING_VERSION = 1.0;
				PRODUCT_BUNDLE_IDENTIFIER = "com.gizemfitozuzman.SwiftUI-Challenge";
				PRODUCT_NAME = "$(TARGET_NAME)";
				SWIFT_EMIT_LOC_STRINGS = YES;
				SWIFT_VERSION = 5.0;
				TARGETED_DEVICE_FAMILY = "1,2";
			};
			name = Debug;
		};
		C323CA1E2850E356006923A9 /* Release */ = {
			isa = XCBuildConfiguration;
			buildSettings = {
				ASSETCATALOG_COMPILER_APPICON_NAME = AppIcon;
				ASSETCATALOG_COMPILER_GLOBAL_ACCENT_COLOR_NAME = AccentColor;
				CODE_SIGN_STYLE = Automatic;
				CURRENT_PROJECT_VERSION = 1;
				DEVELOPMENT_ASSET_PATHS = "\"SwiftUI-Challenge/Preview Content\"";
				ENABLE_PREVIEWS = YES;
				GENERATE_INFOPLIST_FILE = YES;
				INFOPLIST_KEY_UIApplicationSceneManifest_Generation = YES;
				INFOPLIST_KEY_UIApplicationSupportsIndirectInputEvents = YES;
				INFOPLIST_KEY_UILaunchScreen_Generation = YES;
				INFOPLIST_KEY_UISupportedInterfaceOrientations_iPad = "UIInterfaceOrientationPortrait UIInterfaceOrientationPortraitUpsideDown UIInterfaceOrientationLandscapeLeft UIInterfaceOrientationLandscapeRight";
				INFOPLIST_KEY_UISupportedInterfaceOrientations_iPhone = "UIInterfaceOrientationPortrait UIInterfaceOrientationLandscapeLeft UIInterfaceOrientationLandscapeRight";
				LD_RUNPATH_SEARCH_PATHS = (
					"$(inherited)",
					"@executable_path/Frameworks",
				);
				MARKETING_VERSION = 1.0;
				PRODUCT_BUNDLE_IDENTIFIER = "com.gizemfitozuzman.SwiftUI-Challenge";
				PRODUCT_NAME = "$(TARGET_NAME)";
				SWIFT_EMIT_LOC_STRINGS = YES;
				SWIFT_VERSION = 5.0;
				TARGETED_DEVICE_FAMILY = "1,2";
			};
			name = Release;
		};
		C323CA202850E356006923A9 /* Debug */ = {
			isa = XCBuildConfiguration;
			buildSettings = {
				ALWAYS_EMBED_SWIFT_STANDARD_LIBRARIES = YES;
				BUNDLE_LOADER = "$(TEST_HOST)";
				CODE_SIGN_STYLE = Automatic;
				CURRENT_PROJECT_VERSION = 1;
				GENERATE_INFOPLIST_FILE = YES;
				IPHONEOS_DEPLOYMENT_TARGET = 15.4;
				MARKETING_VERSION = 1.0;
				PRODUCT_BUNDLE_IDENTIFIER = "com.gizemfitozuzman.SwiftUI-ChallengeTests";
				PRODUCT_NAME = "$(TARGET_NAME)";
				SWIFT_EMIT_LOC_STRINGS = NO;
				SWIFT_VERSION = 5.0;
				TARGETED_DEVICE_FAMILY = "1,2";
				TEST_HOST = "$(BUILT_PRODUCTS_DIR)/SwiftUI-Challenge.app/SwiftUI-Challenge";
			};
			name = Debug;
		};
		C323CA212850E356006923A9 /* Release */ = {
			isa = XCBuildConfiguration;
			buildSettings = {
				ALWAYS_EMBED_SWIFT_STANDARD_LIBRARIES = YES;
				BUNDLE_LOADER = "$(TEST_HOST)";
				CODE_SIGN_STYLE = Automatic;
				CURRENT_PROJECT_VERSION = 1;
				GENERATE_INFOPLIST_FILE = YES;
				IPHONEOS_DEPLOYMENT_TARGET = 15.4;
				MARKETING_VERSION = 1.0;
				PRODUCT_BUNDLE_IDENTIFIER = "com.gizemfitozuzman.SwiftUI-ChallengeTests";
				PRODUCT_NAME = "$(TARGET_NAME)";
				SWIFT_EMIT_LOC_STRINGS = NO;
				SWIFT_VERSION = 5.0;
				TARGETED_DEVICE_FAMILY = "1,2";
				TEST_HOST = "$(BUILT_PRODUCTS_DIR)/SwiftUI-Challenge.app/SwiftUI-Challenge";
			};
			name = Release;
		};
		C323CA232850E356006923A9 /* Debug */ = {
			isa = XCBuildConfiguration;
			buildSettings = {
				ALWAYS_EMBED_SWIFT_STANDARD_LIBRARIES = YES;
				CODE_SIGN_STYLE = Automatic;
				CURRENT_PROJECT_VERSION = 1;
				GENERATE_INFOPLIST_FILE = YES;
				MARKETING_VERSION = 1.0;
				PRODUCT_BUNDLE_IDENTIFIER = "com.gizemfitozuzman.SwiftUI-ChallengeUITests";
				PRODUCT_NAME = "$(TARGET_NAME)";
				SWIFT_EMIT_LOC_STRINGS = NO;
				SWIFT_VERSION = 5.0;
				TARGETED_DEVICE_FAMILY = "1,2";
				TEST_TARGET_NAME = "SwiftUI-Challenge";
			};
			name = Debug;
		};
		C323CA242850E356006923A9 /* Release */ = {
			isa = XCBuildConfiguration;
			buildSettings = {
				ALWAYS_EMBED_SWIFT_STANDARD_LIBRARIES = YES;
				CODE_SIGN_STYLE = Automatic;
				CURRENT_PROJECT_VERSION = 1;
				GENERATE_INFOPLIST_FILE = YES;
				MARKETING_VERSION = 1.0;
				PRODUCT_BUNDLE_IDENTIFIER = "com.gizemfitozuzman.SwiftUI-ChallengeUITests";
				PRODUCT_NAME = "$(TARGET_NAME)";
				SWIFT_EMIT_LOC_STRINGS = NO;
				SWIFT_VERSION = 5.0;
				TARGETED_DEVICE_FAMILY = "1,2";
				TEST_TARGET_NAME = "SwiftUI-Challenge";
			};
			name = Release;
		};
/* End XCBuildConfiguration section */

/* Begin XCConfigurationList section */
		C323C9F32850E354006923A9 /* Build configuration list for PBXProject "SwiftUI-Challenge" */ = {
			isa = XCConfigurationList;
			buildConfigurations = (
				C323CA1A2850E356006923A9 /* Debug */,
				C323CA1B2850E356006923A9 /* Release */,
			);
			defaultConfigurationIsVisible = 0;
			defaultConfigurationName = Release;
		};
		C323CA1C2850E356006923A9 /* Build configuration list for PBXNativeTarget "SwiftUI-Challenge" */ = {
			isa = XCConfigurationList;
			buildConfigurations = (
				C323CA1D2850E356006923A9 /* Debug */,
				C323CA1E2850E356006923A9 /* Release */,
			);
			defaultConfigurationIsVisible = 0;
			defaultConfigurationName = Release;
		};
		C323CA1F2850E356006923A9 /* Build configuration list for PBXNativeTarget "SwiftUI-ChallengeTests" */ = {
			isa = XCConfigurationList;
			buildConfigurations = (
				C323CA202850E356006923A9 /* Debug */,
				C323CA212850E356006923A9 /* Release */,
			);
			defaultConfigurationIsVisible = 0;
			defaultConfigurationName = Release;
		};
		C323CA222850E356006923A9 /* Build configuration list for PBXNativeTarget "SwiftUI-ChallengeUITests" */ = {
			isa = XCConfigurationList;
			buildConfigurations = (
				C323CA232850E356006923A9 /* Debug */,
				C323CA242850E356006923A9 /* Release */,
			);
			defaultConfigurationIsVisible = 0;
			defaultConfigurationName = Release;
		};
/* End XCConfigurationList section */
	};
	rootObject = C323C9F02850E354006923A9 /* Project object */;
}
